// !$*UTF8*$!
{
	archiveVersion = 1;
	classes = {
	};
	objectVersion = 55;
	objects = {

/* Begin PBXBuildFile section */
		422FCA5429122BCD006E3760 /* AlertManager.swift in Sources */ = {isa = PBXBuildFile; fileRef = 422FCA5329122BCD006E3760 /* AlertManager.swift */; };
		42D3E411290DDA73009AD1FA /* AuthHeaderView.swift in Sources */ = {isa = PBXBuildFile; fileRef = 42D3E410290DDA73009AD1FA /* AuthHeaderView.swift */; };
		42D3E413290DDA81009AD1FA /* CustomTextField.swift in Sources */ = {isa = PBXBuildFile; fileRef = 42D3E412290DDA81009AD1FA /* CustomTextField.swift */; };
		42D3E415290DDA8E009AD1FA /* CustomButton.swift in Sources */ = {isa = PBXBuildFile; fileRef = 42D3E414290DDA8E009AD1FA /* CustomButton.swift */; };
		42D3E417290DDEC3009AD1FA /* WebViewerController.swift in Sources */ = {isa = PBXBuildFile; fileRef = 42D3E416290DDEC3009AD1FA /* WebViewerController.swift */; };
		42D4B5332909C1A400E6586E /* AppDelegate.swift in Sources */ = {isa = PBXBuildFile; fileRef = 42D4B5322909C1A400E6586E /* AppDelegate.swift */; };
		42D4B5352909C1A400E6586E /* SceneDelegate.swift in Sources */ = {isa = PBXBuildFile; fileRef = 42D4B5342909C1A400E6586E /* SceneDelegate.swift */; };
		42D4B53C2909C1A600E6586E /* Assets.xcassets in Resources */ = {isa = PBXBuildFile; fileRef = 42D4B53B2909C1A600E6586E /* Assets.xcassets */; };
		42D4B53F2909C1A600E6586E /* LaunchScreen.storyboard in Resources */ = {isa = PBXBuildFile; fileRef = 42D4B53D2909C1A600E6586E /* LaunchScreen.storyboard */; };
		42D4B5482909C2BA00E6586E /* ForgotPasswordController.swift in Sources */ = {isa = PBXBuildFile; fileRef = 42D4B5472909C2BA00E6586E /* ForgotPasswordController.swift */; };
		42D4B54A2909C2CE00E6586E /* LoginController.swift in Sources */ = {isa = PBXBuildFile; fileRef = 42D4B5492909C2CE00E6586E /* LoginController.swift */; };
		42D4B54C2909C2D900E6586E /* RegisterController.swift in Sources */ = {isa = PBXBuildFile; fileRef = 42D4B54B2909C2D900E6586E /* RegisterController.swift */; };
		42D4B54E2909C2E400E6586E /* HomeController.swift in Sources */ = {isa = PBXBuildFile; fileRef = 42D4B54D2909C2E400E6586E /* HomeController.swift */; };
/* End PBXBuildFile section */

/* Begin PBXFileReference section */
		422FCA5329122BCD006E3760 /* AlertManager.swift */ = {isa = PBXFileReference; lastKnownFileType = sourcecode.swift; path = AlertManager.swift; sourceTree = "<group>"; };
		42D3E410290DDA73009AD1FA /* AuthHeaderView.swift */ = {isa = PBXFileReference; lastKnownFileType = sourcecode.swift; path = AuthHeaderView.swift; sourceTree = "<group>"; };
		42D3E412290DDA81009AD1FA /* CustomTextField.swift */ = {isa = PBXFileReference; lastKnownFileType = sourcecode.swift; path = CustomTextField.swift; sourceTree = "<group>"; };
		42D3E414290DDA8E009AD1FA /* CustomButton.swift */ = {isa = PBXFileReference; lastKnownFileType = sourcecode.swift; path = CustomButton.swift; sourceTree = "<group>"; };
		42D3E416290DDEC3009AD1FA /* WebViewerController.swift */ = {isa = PBXFileReference; lastKnownFileType = sourcecode.swift; path = WebViewerController.swift; sourceTree = "<group>"; };
		42D4B52F2909C1A400E6586E /* swift-login-system-tutorial.app */ = {isa = PBXFileReference; explicitFileType = wrapper.application; includeInIndex = 0; path = "swift-login-system-tutorial.app"; sourceTree = BUILT_PRODUCTS_DIR; };
		42D4B5322909C1A400E6586E /* AppDelegate.swift */ = {isa = PBXFileReference; lastKnownFileType = sourcecode.swift; path = AppDelegate.swift; sourceTree = "<group>"; };
		42D4B5342909C1A400E6586E /* SceneDelegate.swift */ = {isa = PBXFileReference; lastKnownFileType = sourcecode.swift; path = SceneDelegate.swift; sourceTree = "<group>"; };
		42D4B53B2909C1A600E6586E /* Assets.xcassets */ = {isa = PBXFileReference; lastKnownFileType = folder.assetcatalog; path = Assets.xcassets; sourceTree = "<group>"; };
		42D4B53E2909C1A600E6586E /* Base */ = {isa = PBXFileReference; lastKnownFileType = file.storyboard; name = Base; path = Base.lproj/LaunchScreen.storyboard; sourceTree = "<group>"; };
		42D4B5402909C1A600E6586E /* Info.plist */ = {isa = PBXFileReference; lastKnownFileType = text.plist.xml; path = Info.plist; sourceTree = "<group>"; };
		42D4B5472909C2BA00E6586E /* ForgotPasswordController.swift */ = {isa = PBXFileReference; lastKnownFileType = sourcecode.swift; path = ForgotPasswordController.swift; sourceTree = "<group>"; };
		42D4B5492909C2CE00E6586E /* LoginController.swift */ = {isa = PBXFileReference; lastKnownFileType = sourcecode.swift; path = LoginController.swift; sourceTree = "<group>"; };
		42D4B54B2909C2D900E6586E /* RegisterController.swift */ = {isa = PBXFileReference; lastKnownFileType = sourcecode.swift; path = RegisterController.swift; sourceTree = "<group>"; };
		42D4B54D2909C2E400E6586E /* HomeController.swift */ = {isa = PBXFileReference; lastKnownFileType = sourcecode.swift; path = HomeController.swift; sourceTree = "<group>"; };
/* End PBXFileReference section */

/* Begin PBXFrameworksBuildPhase section */
		42D4B52C2909C1A400E6586E /* Frameworks */ = {
			isa = PBXFrameworksBuildPhase;
			buildActionMask = 2147483647;
			files = (
			);
			runOnlyForDeploymentPostprocessing = 0;
		};
/* End PBXFrameworksBuildPhase section */

/* Begin PBXGroup section */
		422FCA5229122BB8006E3760 /* Controllers */ = {
			isa = PBXGroup;
			children = (
				42D4B54D2909C2E400E6586E /* HomeController.swift */,
				42D4B5492909C2CE00E6586E /* LoginController.swift */,
				42D4B54B2909C2D900E6586E /* RegisterController.swift */,
				42D4B5472909C2BA00E6586E /* ForgotPasswordController.swift */,
			);
			path = Controllers;
			sourceTree = "<group>";
		};
		42318FB0290DD5B200556720 /* Views */ = {
			isa = PBXGroup;
			children = (
				42D3E410290DDA73009AD1FA /* AuthHeaderView.swift */,
				42D3E412290DDA81009AD1FA /* CustomTextField.swift */,
				42D3E414290DDA8E009AD1FA /* CustomButton.swift */,
			);
			path = Views;
			sourceTree = "<group>";
		};
		42D4B5262909C1A400E6586E = {
			isa = PBXGroup;
			children = (
				42D4B5312909C1A400E6586E /* swift-login-system-tutorial */,
				42D4B5302909C1A400E6586E /* Products */,
			);
			sourceTree = "<group>";
		};
		42D4B5302909C1A400E6586E /* Products */ = {
			isa = PBXGroup;
			children = (
				42D4B52F2909C1A400E6586E /* swift-login-system-tutorial.app */,
			);
			name = Products;
			sourceTree = "<group>";
		};
		42D4B5312909C1A400E6586E /* swift-login-system-tutorial */ = {
			isa = PBXGroup;
			children = (
				422FCA5329122BCD006E3760 /* AlertManager.swift */,
				422FCA5229122BB8006E3760 /* Controllers */,
				42318FB0290DD5B200556720 /* Views */,
				42D4B5462909C26400E6586E /* Supporting */,
				42D4B5402909C1A600E6586E /* Info.plist */,
				42D3E416290DDEC3009AD1FA /* WebViewerController.swift */,
			);
			path = "swift-login-system-tutorial";
			sourceTree = "<group>";
		};
		42D4B5462909C26400E6586E /* Supporting */ = {
			isa = PBXGroup;
			children = (
				42D4B5322909C1A400E6586E /* AppDelegate.swift */,
				42D4B5342909C1A400E6586E /* SceneDelegate.swift */,
				42D4B53B2909C1A600E6586E /* Assets.xcassets */,
				42D4B53D2909C1A600E6586E /* LaunchScreen.storyboard */,
			);
			path = Supporting;
			sourceTree = "<group>";
		};
/* End PBXGroup section */

/* Begin PBXNativeTarget section */
		42D4B52E2909C1A400E6586E /* swift-login-system-tutorial */ = {
			isa = PBXNativeTarget;
			buildConfigurationList = 42D4B5432909C1A600E6586E /* Build configuration list for PBXNativeTarget "swift-login-system-tutorial" */;
			buildPhases = (
				42D4B52B2909C1A400E6586E /* Sources */,
				42D4B52C2909C1A400E6586E /* Frameworks */,
				42D4B52D2909C1A400E6586E /* Resources */,
			);
			buildRules = (
			);
			dependencies = (
			);
			name = "swift-login-system-tutorial";
			productName = "swift-login-system-tutorial";
			productReference = 42D4B52F2909C1A400E6586E /* swift-login-system-tutorial.app */;
			productType = "com.apple.product-type.application";
		};
/* End PBXNativeTarget section */

/* Begin PBXProject section */
		42D4B5272909C1A400E6586E /* Project object */ = {
			isa = PBXProject;
			attributes = {
				BuildIndependentTargetsInParallel = 1;
				LastSwiftUpdateCheck = 1320;
				LastUpgradeCheck = 1320;
				TargetAttributes = {
					42D4B52E2909C1A400E6586E = {
						CreatedOnToolsVersion = 13.2.1;
					};
				};
			};
			buildConfigurationList = 42D4B52A2909C1A400E6586E /* Build configuration list for PBXProject "swift-login-system-tutorial" */;
			compatibilityVersion = "Xcode 13.0";
			developmentRegion = en;
			hasScannedForEncodings = 0;
			knownRegions = (
				en,
				Base,
			);
			mainGroup = 42D4B5262909C1A400E6586E;
			productRefGroup = 42D4B5302909C1A400E6586E /* Products */;
			projectDirPath = "";
			projectRoot = "";
			targets = (
				42D4B52E2909C1A400E6586E /* swift-login-system-tutorial */,
			);
		};
/* End PBXProject section */

/* Begin PBXResourcesBuildPhase section */
		42D4B52D2909C1A400E6586E /* Resources */ = {
			isa = PBXResourcesBuildPhase;
			buildActionMask = 2147483647;
			files = (
				42D4B53F2909C1A600E6586E /* LaunchScreen.storyboard in Resources */,
				42D4B53C2909C1A600E6586E /* Assets.xcassets in Resources */,
			);
			runOnlyForDeploymentPostprocessing = 0;
		};
/* End PBXResourcesBuildPhase section */

/* Begin PBXSourcesBuildPhase section */
		42D4B52B2909C1A400E6586E /* Sources */ = {
			isa = PBXSourcesBuildPhase;
			buildActionMask = 2147483647;
			files = (
				42D4B5482909C2BA00E6586E /* ForgotPasswordController.swift in Sources */,
				422FCA5429122BCD006E3760 /* AlertManager.swift in Sources */,
				42D4B54E2909C2E400E6586E /* HomeController.swift in Sources */,
				42D3E415290DDA8E009AD1FA /* CustomButton.swift in Sources */,
				42D4B54C2909C2D900E6586E /* RegisterController.swift in Sources */,
				42D4B5332909C1A400E6586E /* AppDelegate.swift in Sources */,
				42D3E413290DDA81009AD1FA /* CustomTextField.swift in Sources */,
				42D4B5352909C1A400E6586E /* SceneDelegate.swift in Sources */,
				42D4B54A2909C2CE00E6586E /* LoginController.swift in Sources */,
				42D3E417290DDEC3009AD1FA /* WebViewerController.swift in Sources */,
				42D3E411290DDA73009AD1FA /* AuthHeaderView.swift in Sources */,
			);
			runOnlyForDeploymentPostprocessing = 0;
		};
/* End PBXSourcesBuildPhase section */

/* Begin PBXVariantGroup section */
		42D4B53D2909C1A600E6586E /* LaunchScreen.storyboard */ = {
			isa = PBXVariantGroup;
			children = (
				42D4B53E2909C1A600E6586E /* Base */,
			);
			name = LaunchScreen.storyboard;
			sourceTree = "<group>";
		};
/* End PBXVariantGroup section */

/* Begin XCBuildConfiguration section */
		42D4B5412909C1A600E6586E /* Debug */ = {
			isa = XCBuildConfiguration;
			buildSettings = {
				ALWAYS_SEARCH_USER_PATHS = NO;
				CLANG_ANALYZER_NONNULL = YES;
				CLANG_ANALYZER_NUMBER_OBJECT_CONVERSION = YES_AGGRESSIVE;
				CLANG_CXX_LANGUAGE_STANDARD = "gnu++17";
				CLANG_CXX_LIBRARY = "libc++";
				CLANG_ENABLE_MODULES = YES;
				CLANG_ENABLE_OBJC_ARC = YES;
				CLANG_ENABLE_OBJC_WEAK = YES;
				CLANG_WARN_BLOCK_CAPTURE_AUTORELEASING = YES;
				CLANG_WARN_BOOL_CONVERSION = YES;
				CLANG_WARN_COMMA = YES;
				CLANG_WARN_CONSTANT_CONVERSION = YES;
				CLANG_WARN_DEPRECATED_OBJC_IMPLEMENTATIONS = YES;
				CLANG_WARN_DIRECT_OBJC_ISA_USAGE = YES_ERROR;
				CLANG_WARN_DOCUMENTATION_COMMENTS = YES;
				CLANG_WARN_EMPTY_BODY = YES;
				CLANG_WARN_ENUM_CONVERSION = YES;
				CLANG_WARN_INFINITE_RECURSION = YES;
				CLANG_WARN_INT_CONVERSION = YES;
				CLANG_WARN_NON_LITERAL_NULL_CONVERSION = YES;
				CLANG_WARN_OBJC_IMPLICIT_RETAIN_SELF = YES;
				CLANG_WARN_OBJC_LITERAL_CONVERSION = YES;
				CLANG_WARN_OBJC_ROOT_CLASS = YES_ERROR;
				CLANG_WARN_QUOTED_INCLUDE_IN_FRAMEWORK_HEADER = YES;
				CLANG_WARN_RANGE_LOOP_ANALYSIS = YES;
				CLANG_WARN_STRICT_PROTOTYPES = YES;
				CLANG_WARN_SUSPICIOUS_MOVE = YES;
				CLANG_WARN_UNGUARDED_AVAILABILITY = YES_AGGRESSIVE;
				CLANG_WARN_UNREACHABLE_CODE = YES;
				CLANG_WARN__DUPLICATE_METHOD_MATCH = YES;
				COPY_PHASE_STRIP = NO;
				DEBUG_INFORMATION_FORMAT = dwarf;
				ENABLE_STRICT_OBJC_MSGSEND = YES;
				ENABLE_TESTABILITY = YES;
				GCC_C_LANGUAGE_STANDARD = gnu11;
				GCC_DYNAMIC_NO_PIC = NO;
				GCC_NO_COMMON_BLOCKS = YES;
				GCC_OPTIMIZATION_LEVEL = 0;
				GCC_PREPROCESSOR_DEFINITIONS = (
					"DEBUG=1",
					"$(inherited)",
				);
				GCC_WARN_64_TO_32_BIT_CONVERSION = YES;
				GCC_WARN_ABOUT_RETURN_TYPE = YES_ERROR;
				GCC_WARN_UNDECLARED_SELECTOR = YES;
				GCC_WARN_UNINITIALIZED_AUTOS = YES_AGGRESSIVE;
				GCC_WARN_UNUSED_FUNCTION = YES;
				GCC_WARN_UNUSED_VARIABLE = YES;
				IPHONEOS_DEPLOYMENT_TARGET = 15.2;
				MTL_ENABLE_DEBUG_INFO = INCLUDE_SOURCE;
				MTL_FAST_MATH = YES;
				ONLY_ACTIVE_ARCH = YES;
				SDKROOT = iphoneos;
				SWIFT_ACTIVE_COMPILATION_CONDITIONS = DEBUG;
				SWIFT_OPTIMIZATION_LEVEL = "-Onone";
			};
			name = Debug;
		};
		42D4B5422909C1A600E6586E /* Release */ = {
			isa = XCBuildConfiguration;
			buildSettings = {
				ALWAYS_SEARCH_USER_PATHS = NO;
				CLANG_ANALYZER_NONNULL = YES;
				CLANG_ANALYZER_NUMBER_OBJECT_CONVERSION = YES_AGGRESSIVE;
				CLANG_CXX_LANGUAGE_STANDARD = "gnu++17";
				CLANG_CXX_LIBRARY = "libc++";
				CLANG_ENABLE_MODULES = YES;
				CLANG_ENABLE_OBJC_ARC = YES;
				CLANG_ENABLE_OBJC_WEAK = YES;
				CLANG_WARN_BLOCK_CAPTURE_AUTORELEASING = YES;
				CLANG_WARN_BOOL_CONVERSION = YES;
				CLANG_WARN_COMMA = YES;
				CLANG_WARN_CONSTANT_CONVERSION = YES;
				CLANG_WARN_DEPRECATED_OBJC_IMPLEMENTATIONS = YES;
				CLANG_WARN_DIRECT_OBJC_ISA_USAGE = YES_ERROR;
				CLANG_WARN_DOCUMENTATION_COMMENTS = YES;
				CLANG_WARN_EMPTY_BODY = YES;
				CLANG_WARN_ENUM_CONVERSION = YES;
				CLANG_WARN_INFINITE_RECURSION = YES;
				CLANG_WARN_INT_CONVERSION = YES;
				CLANG_WARN_NON_LITERAL_NULL_CONVERSION = YES;
				CLANG_WARN_OBJC_IMPLICIT_RETAIN_SELF = YES;
				CLANG_WARN_OBJC_LITERAL_CONVERSION = YES;
				CLANG_WARN_OBJC_ROOT_CLASS = YES_ERROR;
				CLANG_WARN_QUOTED_INCLUDE_IN_FRAMEWORK_HEADER = YES;
				CLANG_WARN_RANGE_LOOP_ANALYSIS = YES;
				CLANG_WARN_STRICT_PROTOTYPES = YES;
				CLANG_WARN_SUSPICIOUS_MOVE = YES;
				CLANG_WARN_UNGUARDED_AVAILABILITY = YES_AGGRESSIVE;
				CLANG_WARN_UNREACHABLE_CODE = YES;
				CLANG_WARN__DUPLICATE_METHOD_MATCH = YES;
				COPY_PHASE_STRIP = NO;
				DEBUG_INFORMATION_FORMAT = "dwarf-with-dsym";
				ENABLE_NS_ASSERTIONS = NO;
				ENABLE_STRICT_OBJC_MSGSEND = YES;
				GCC_C_LANGUAGE_STANDARD = gnu11;
				GCC_NO_COMMON_BLOCKS = YES;
				GCC_WARN_64_TO_32_BIT_CONVERSION = YES;
				GCC_WARN_ABOUT_RETURN_TYPE = YES_ERROR;
				GCC_WARN_UNDECLARED_SELECTOR = YES;
				GCC_WARN_UNINITIALIZED_AUTOS = YES_AGGRESSIVE;
				GCC_WARN_UNUSED_FUNCTION = YES;
				GCC_WARN_UNUSED_VARIABLE = YES;
				IPHONEOS_DEPLOYMENT_TARGET = 15.2;
				MTL_ENABLE_DEBUG_INFO = NO;
				MTL_FAST_MATH = YES;
				SDKROOT = iphoneos;
				SWIFT_COMPILATION_MODE = wholemodule;
				SWIFT_OPTIMIZATION_LEVEL = "-O";
				VALIDATE_PRODUCT = YES;
			};
			name = Release;
		};
		42D4B5442909C1A600E6586E /* Debug */ = {
			isa = XCBuildConfiguration;
			buildSettings = {
				ASSETCATALOG_COMPILER_APPICON_NAME = AppIcon;
				ASSETCATALOG_COMPILER_GLOBAL_ACCENT_COLOR_NAME = AccentColor;
				CODE_SIGN_STYLE = Automatic;
				CURRENT_PROJECT_VERSION = 1;
				DEVELOPMENT_TEAM = DXHLAG9HB4;
				GENERATE_INFOPLIST_FILE = YES;
				INFOPLIST_FILE = "swift-login-system-tutorial/Info.plist";
				INFOPLIST_KEY_CFBundleDisplayName = "Login System";
				INFOPLIST_KEY_UIApplicationSupportsIndirectInputEvents = YES;
				INFOPLIST_KEY_UILaunchStoryboardName = LaunchScreen;
				INFOPLIST_KEY_UISupportedInterfaceOrientations_iPad = "UIInterfaceOrientationPortrait UIInterfaceOrientationPortraitUpsideDown UIInterfaceOrientationLandscapeLeft UIInterfaceOrientationLandscapeRight";
				INFOPLIST_KEY_UISupportedInterfaceOrientations_iPhone = "UIInterfaceOrientationPortrait UIInterfaceOrientationLandscapeLeft UIInterfaceOrientationLandscapeRight";
				LD_RUNPATH_SEARCH_PATHS = (
					"$(inherited)",
					"@executable_path/Frameworks",
				);
				MARKETING_VERSION = 1.0;
				PRODUCT_BUNDLE_IDENTIFIER = "xyz.codebrah.swift-login-system-tutorial";
				PRODUCT_NAME = "$(TARGET_NAME)";
				SWIFT_EMIT_LOC_STRINGS = YES;
				SWIFT_VERSION = 5.0;
				TARGETED_DEVICE_FAMILY = "1,2";
			};
			name = Debug;
		};
		42D4B5452909C1A600E6586E /* Release */ = {
			isa = XCBuildConfiguration;
			buildSettings = {
				ASSETCATALOG_COMPILER_APPICON_NAME = AppIcon;
				ASSETCATALOG_COMPILER_GLOBAL_ACCENT_COLOR_NAME = AccentColor;
				CODE_SIGN_STYLE = Automatic;
				CURRENT_PROJECT_VERSION = 1;
				DEVELOPMENT_TEAM = DXHLAG9HB4;
				GENERATE_INFOPLIST_FILE = YES;
				INFOPLIST_FILE = "swift-login-system-tutorial/Info.plist";
				INFOPLIST_KEY_CFBundleDisplayName = "Login System";
				INFOPLIST_KEY_UIApplicationSupportsIndirectInputEvents = YES;
				INFOPLIST_KEY_UILaunchStoryboardName = LaunchScreen;
				INFOPLIST_KEY_UISupportedInterfaceOrientations_iPad = "UIInterfaceOrientationPortrait UIInterfaceOrientationPortraitUpsideDown UIInterfaceOrientationLandscapeLeft UIInterfaceOrientationLandscapeRight";
				INFOPLIST_KEY_UISupportedInterfaceOrientations_iPhone = "UIInterfaceOrientationPortrait UIInterfaceOrientationLandscapeLeft UIInterfaceOrientationLandscapeRight";
				LD_RUNPATH_SEARCH_PATHS = (
					"$(inherited)",
					"@executable_path/Frameworks",
				);
				MARKETING_VERSION = 1.0;
				PRODUCT_BUNDLE_IDENTIFIER = "xyz.codebrah.swift-login-system-tutorial";
				PRODUCT_NAME = "$(TARGET_NAME)";
				SWIFT_EMIT_LOC_STRINGS = YES;
				SWIFT_VERSION = 5.0;
				TARGETED_DEVICE_FAMILY = "1,2";
			};
			name = Release;
		};
/* End XCBuildConfiguration section */

/* Begin XCConfigurationList section */
		42D4B52A2909C1A400E6586E /* Build configuration list for PBXProject "swift-login-system-tutorial" */ = {
			isa = XCConfigurationList;
			buildConfigurations = (
				42D4B5412909C1A600E6586E /* Debug */,
				42D4B5422909C1A600E6586E /* Release */,
			);
			defaultConfigurationIsVisible = 0;
			defaultConfigurationName = Release;
		};
		42D4B5432909C1A600E6586E /* Build configuration list for PBXNativeTarget "swift-login-system-tutorial" */ = {
			isa = XCConfigurationList;
			buildConfigurations = (
				42D4B5442909C1A600E6586E /* Debug */,
				42D4B5452909C1A600E6586E /* Release */,
			);
			defaultConfigurationIsVisible = 0;
			defaultConfigurationName = Release;
		};
/* End XCConfigurationList section */
	};
	rootObject = 42D4B5272909C1A400E6586E /* Project object */;
}
